
Microsoft Visual Studio Solution File, Format Version 12.00
# Visual Studio 14
VisualStudioVersion = 14.0.25420.1
MinimumVisualStudioVersion = 10.0.40219.1
Project("{FAE04EC0-301F-11D3-BF4B-00C04F79EFBC}") = "Bangazon-MVC-InitialSite", "Bangazon-MVC-InitialSite\Bangazon-MVC-InitialSite.csproj", "{F21FD0DD-9F80-4830-843B-D7035E6969EE}"
EndProject
Project("{FAE04EC0-301F-11D3-BF4B-00C04F79EFBC}") = "Bangazon-MVC-InitialSite.Tests", "Bangazon-MVC-InitialSite.Tests\Bangazon-MVC-InitialSite.Tests.csproj", "{9F12C36F-2110-48A9-AC21-5C496F413FE4}"
EndProject
Global
	GlobalSection(SolutionConfigurationPlatforms) = preSolution
		Debug|Any CPU = Debug|Any CPU
		Release|Any CPU = Release|Any CPU
	EndGlobalSection
	GlobalSection(ProjectConfigurationPlatforms) = postSolution
		{F21FD0DD-9F80-4830-843B-D7035E6969EE}.Debug|Any CPU.ActiveCfg = Debug|Any CPU
		{F21FD0DD-9F80-4830-843B-D7035E6969EE}.Debug|Any CPU.Build.0 = Debug|Any CPU
		{F21FD0DD-9F80-4830-843B-D7035E6969EE}.Release|Any CPU.ActiveCfg = Release|Any CPU
		{F21FD0DD-9F80-4830-843B-D7035E6969EE}.Release|Any CPU.Build.0 = Release|Any CPU
		{9F12C36F-2110-48A9-AC21-5C496F413FE4}.Debug|Any CPU.ActiveCfg = Debug|Any CPU
		{9F12C36F-2110-48A9-AC21-5C496F413FE4}.Debug|Any CPU.Build.0 = Debug|Any CPU
		{9F12C36F-2110-48A9-AC21-5C496F413FE4}.Release|Any CPU.ActiveCfg = Release|Any CPU
		{9F12C36F-2110-48A9-AC21-5C496F413FE4}.Release|Any CPU.Build.0 = Release|Any CPU
	EndGlobalSection
	GlobalSection(SolutionProperties) = preSolution
		HideSolutionNode = FALSE
	EndGlobalSection
EndGlobal
